PODS:
  - Alamofire (4.0.1)
  - SDWebImage (3.8.2):
    - SDWebImage/Core (= 3.8.2)
  - SDWebImage/Core (3.8.2)

DEPENDENCIES:
  - Alamofire (~> 4.0)
  - SDWebImage (~> 3.8)

SPEC CHECKSUMS:
  Alamofire: 7682d43245de14874acd142ec137b144aa1dd335
  SDWebImage: 098e97e6176540799c27e804c96653ee0833d13c

PODFILE CHECKSUM: 2d44678284db9d5bb3ef2079b81dd600ae20f044

COCOAPODS: 1.1.0.rc.2
